
Microsoft Visual Studio Solution File, Format Version 12.00
# Visual Studio 2012
Project("{FAE04EC0-301F-11D3-BF4B-00C04F79EFBC}") = "MusicPlayer", "MusicPlayer\MusicPlayer.csproj", "{0B43C306-24CD-4C8D-8CD6-C03F7D2EBA44}"
EndProject
Global
	GlobalSection(SolutionConfigurationPlatforms) = preSolution
		Debug|Any CPU = Debug|Any CPU
		Release|Any CPU = Release|Any CPU
	EndGlobalSection
	GlobalSection(ProjectConfigurationPlatforms) = postSolution
		{0B43C306-24CD-4C8D-8CD6-C03F7D2EBA44}.Debug|Any CPU.ActiveCfg = Debug|Any CPU
		{0B43C306-24CD-4C8D-8CD6-C03F7D2EBA44}.Debug|Any CPU.Build.0 = Debug|Any CPU
		{0B43C306-24CD-4C8D-8CD6-C03F7D2EBA44}.Release|Any CPU.ActiveCfg = Release|Any CPU
		{0B43C306-24CD-4C8D-8CD6-C03F7D2EBA44}.Release|Any CPU.Build.0 = Release|Any CPU
	EndGlobalSection
EndGlobal
